
Microsoft Visual Studio Solution File, Format Version 12.00
# Visual Studio 15
VisualStudioVersion = 15.0.27703.2026
MinimumVisualStudioVersion = 10.0.40219.1
Project("{FAE04EC0-301F-11D3-BF4B-00C04F79EFBC}") = "StoneModular", "StoneModular\StoneModular.csproj", "{1C5F2FA5-432C-4CE3-9E96-5802361FADB4}"
EndProject
Project("{FAE04EC0-301F-11D3-BF4B-00C04F79EFBC}") = "Infrastracture", "Infrastucture\Infrastracture.csproj", "{207B2C03-650B-4882-9263-7F0BBE0C10B3}"
EndProject
Global
	GlobalSection(SolutionConfigurationPlatforms) = preSolution
		Debug|Any CPU = Debug|Any CPU
		Release|Any CPU = Release|Any CPU
	EndGlobalSection
	GlobalSection(ProjectConfigurationPlatforms) = postSolution
		{1C5F2FA5-432C-4CE3-9E96-5802361FADB4}.Debug|Any CPU.ActiveCfg = Debug|Any CPU
		{1C5F2FA5-432C-4CE3-9E96-5802361FADB4}.Debug|Any CPU.Build.0 = Debug|Any CPU
		{1C5F2FA5-432C-4CE3-9E96-5802361FADB4}.Release|Any CPU.ActiveCfg = Release|Any CPU
		{1C5F2FA5-432C-4CE3-9E96-5802361FADB4}.Release|Any CPU.Build.0 = Release|Any CPU
		{207B2C03-650B-4882-9263-7F0BBE0C10B3}.Debug|Any CPU.ActiveCfg = Debug|Any CPU
		{207B2C03-650B-4882-9263-7F0BBE0C10B3}.Debug|Any CPU.Build.0 = Debug|Any CPU
		{207B2C03-650B-4882-9263-7F0BBE0C10B3}.Release|Any CPU.ActiveCfg = Release|Any CPU
		{207B2C03-650B-4882-9263-7F0BBE0C10B3}.Release|Any CPU.Build.0 = Release|Any CPU
	EndGlobalSection
	GlobalSection(SolutionProperties) = preSolution
		HideSolutionNode = FALSE
	EndGlobalSection
	GlobalSection(ExtensibilityGlobals) = postSolution
		SolutionGuid = {E5D093E2-1187-4B7D-9E9A-6FC453CF0429}
	EndGlobalSection
EndGlobal
